
Microsoft Visual Studio Solution File, Format Version 12.00
# Visual Studio 15
VisualStudioVersion = 15.0.28010.2036
MinimumVisualStudioVersion = 10.0.40219.1
Project("{8BC9CEB8-8B4A-11D0-8D11-00A0C91BC942}") = "os-1", "os-1\os-1.vcxproj", "{694CC108-68F4-412C-B1E4-428959373816}"
EndProject
Global
	GlobalSection(SolutionConfigurationPlatforms) = preSolution
		Debug|x64 = Debug|x64
		Debug|x86 = Debug|x86
		Release|x64 = Release|x64
		Release|x86 = Release|x86
	EndGlobalSection
	GlobalSection(ProjectConfigurationPlatforms) = postSolution
		{694CC108-68F4-412C-B1E4-428959373816}.Debug|x64.ActiveCfg = Debug|x64
		{694CC108-68F4-412C-B1E4-428959373816}.Debug|x64.Build.0 = Debug|x64
		{694CC108-68F4-412C-B1E4-428959373816}.Debug|x86.ActiveCfg = Debug|Win32
		{694CC108-68F4-412C-B1E4-428959373816}.Debug|x86.Build.0 = Debug|Win32
		{694CC108-68F4-412C-B1E4-428959373816}.Release|x64.ActiveCfg = Release|x64
		{694CC108-68F4-412C-B1E4-428959373816}.Release|x64.Build.0 = Release|x64
		{694CC108-68F4-412C-B1E4-428959373816}.Release|x86.ActiveCfg = Release|Win32
		{694CC108-68F4-412C-B1E4-428959373816}.Release|x86.Build.0 = Release|Win32
	EndGlobalSection
	GlobalSection(SolutionProperties) = preSolution
		HideSolutionNode = FALSE
	EndGlobalSection
	GlobalSection(ExtensibilityGlobals) = postSolution
		SolutionGuid = {C15BF9B6-6897-4417-AABB-3FD0B6F30623}
	EndGlobalSection
EndGlobal
